
Microsoft Visual Studio Solution File, Format Version 12.00
# Visual Studio Version 17
VisualStudioVersion = 17.8.34330.188
MinimumVisualStudioVersion = 10.0.40219.1
Project("{FAE04EC0-301F-11D3-BF4B-00C04F79EFBC}") = "BelaEmenta-API", "BelaEmenta-API.csproj", "{57659A76-5B06-46DD-8B69-F6CBF849F4CE}"
EndProject
Global
	GlobalSection(SolutionConfigurationPlatforms) = preSolution
		Debug|Any CPU = Debug|Any CPU
		Release|Any CPU = Release|Any CPU
	EndGlobalSection
	GlobalSection(ProjectConfigurationPlatforms) = postSolution
		{57659A76-5B06-46DD-8B69-F6CBF849F4CE}.Debug|Any CPU.ActiveCfg = Debug|Any CPU
		{57659A76-5B06-46DD-8B69-F6CBF849F4CE}.Debug|Any CPU.Build.0 = Debug|Any CPU
		{57659A76-5B06-46DD-8B69-F6CBF849F4CE}.Release|Any CPU.ActiveCfg = Release|Any CPU
		{57659A76-5B06-46DD-8B69-F6CBF849F4CE}.Release|Any CPU.Build.0 = Release|Any CPU
	EndGlobalSection
	GlobalSection(SolutionProperties) = preSolution
		HideSolutionNode = FALSE
	EndGlobalSection
	GlobalSection(ExtensibilityGlobals) = postSolution
		SolutionGuid = {D7513E7B-BC35-482D-8852-369A11C3B2CF}
	EndGlobalSection
EndGlobal
